
Microsoft Visual Studio Solution File, Format Version 12.00
# Visual Studio Version 17
VisualStudioVersion = 17.5.002.0
MinimumVisualStudioVersion = 10.0.40219.1
Project("{9A19103F-16F7-4668-BE54-9A1E7A4F7556}") = "Nhom04MidTest", "Nhom04MidTest\Nhom04MidTest.csproj", "{B1C019BE-98C9-4DBB-A905-F816292560CE}"
EndProject
Global
	GlobalSection(SolutionConfigurationPlatforms) = preSolution
		Debug|Any CPU = Debug|Any CPU
		Release|Any CPU = Release|Any CPU
	EndGlobalSection
	GlobalSection(ProjectConfigurationPlatforms) = postSolution
		{B1C019BE-98C9-4DBB-A905-F816292560CE}.Debug|Any CPU.ActiveCfg = Debug|Any CPU
		{B1C019BE-98C9-4DBB-A905-F816292560CE}.Debug|Any CPU.Build.0 = Debug|Any CPU
		{B1C019BE-98C9-4DBB-A905-F816292560CE}.Release|Any CPU.ActiveCfg = Release|Any CPU
		{B1C019BE-98C9-4DBB-A905-F816292560CE}.Release|Any CPU.Build.0 = Release|Any CPU
	EndGlobalSection
	GlobalSection(SolutionProperties) = preSolution
		HideSolutionNode = FALSE
	EndGlobalSection
	GlobalSection(ExtensibilityGlobals) = postSolution
		SolutionGuid = {EDBCD7F8-C709-46C5-8CF1-07D003FE5488}
	EndGlobalSection
EndGlobal
